// !$*UTF8*$!
{
	archiveVersion = 1;
	classes = {
	};
	objectVersion = 46;
	objects = {

/* Begin PBXBuildFile section */
		1FB5E9F11A08C15F00595F37 /* AppDelegate.swift in Sources */ = {isa = PBXBuildFile; fileRef = 1FB5E9F01A08C15F00595F37 /* AppDelegate.swift */; };
		1FB5E9F31A08C15F00595F37 /* ViewController.swift in Sources */ = {isa = PBXBuildFile; fileRef = 1FB5E9F21A08C15F00595F37 /* ViewController.swift */; };
		1FB5E9F51A08C15F00595F37 /* Images.xcassets in Resources */ = {isa = PBXBuildFile; fileRef = 1FB5E9F41A08C15F00595F37 /* Images.xcassets */; };
		1FB5E9F81A08C15F00595F37 /* Main.storyboard in Resources */ = {isa = PBXBuildFile; fileRef = 1FB5E9F61A08C15F00595F37 /* Main.storyboard */; };
		1FB5EA041A08C15F00595F37 /* KataTennisTests.swift in Sources */ = {isa = PBXBuildFile; fileRef = 1FB5EA031A08C15F00595F37 /* KataTennisTests.swift */; };
		1FB5EA0E1A08C1CA00595F37 /* TennisGame.swift in Sources */ = {isa = PBXBuildFile; fileRef = 1FB5EA0D1A08C1CA00595F37 /* TennisGame.swift */; };
		1FB5EA0F1A08C76700595F37 /* TennisGame.swift in Sources */ = {isa = PBXBuildFile; fileRef = 1FB5EA0D1A08C1CA00595F37 /* TennisGame.swift */; };
/* End PBXBuildFile section */

/* Begin PBXContainerItemProxy section */
		1FB5E9FE1A08C15F00595F37 /* PBXContainerItemProxy */ = {
			isa = PBXContainerItemProxy;
			containerPortal = 1FB5E9E31A08C15F00595F37 /* Project object */;
			proxyType = 1;
			remoteGlobalIDString = 1FB5E9EA1A08C15F00595F37;
			remoteInfo = KataTennis;
		};
/* End PBXContainerItemProxy section */

/* Begin PBXFileReference section */
		1FB5E9EB1A08C15F00595F37 /* KataTennis.app */ = {isa = PBXFileReference; explicitFileType = wrapper.application; includeInIndex = 0; path = KataTennis.app; sourceTree = BUILT_PRODUCTS_DIR; };
		1FB5E9EF1A08C15F00595F37 /* Info.plist */ = {isa = PBXFileReference; lastKnownFileType = text.plist.xml; path = Info.plist; sourceTree = "<group>"; };
		1FB5E9F01A08C15F00595F37 /* AppDelegate.swift */ = {isa = PBXFileReference; lastKnownFileType = sourcecode.swift; path = AppDelegate.swift; sourceTree = "<group>"; };
		1FB5E9F21A08C15F00595F37 /* ViewController.swift */ = {isa = PBXFileReference; lastKnownFileType = sourcecode.swift; path = ViewController.swift; sourceTree = "<group>"; };
		1FB5E9F41A08C15F00595F37 /* Images.xcassets */ = {isa = PBXFileReference; lastKnownFileType = folder.assetcatalog; path = Images.xcassets; sourceTree = "<group>"; };
		1FB5E9F71A08C15F00595F37 /* Base */ = {isa = PBXFileReference; lastKnownFileType = file.storyboard; name = Base; path = Base.lproj/Main.storyboard; sourceTree = "<group>"; };
		1FB5E9FD1A08C15F00595F37 /* KataTennisTests.xctest */ = {isa = PBXFileReference; explicitFileType = wrapper.cfbundle; includeInIndex = 0; path = KataTennisTests.xctest; sourceTree = BUILT_PRODUCTS_DIR; };
		1FB5EA021A08C15F00595F37 /* Info.plist */ = {isa = PBXFileReference; lastKnownFileType = text.plist.xml; path = Info.plist; sourceTree = "<group>"; };
		1FB5EA031A08C15F00595F37 /* KataTennisTests.swift */ = {isa = PBXFileReference; lastKnownFileType = sourcecode.swift; path = KataTennisTests.swift; sourceTree = "<group>"; };
		1FB5EA0D1A08C1CA00595F37 /* TennisGame.swift */ = {isa = PBXFileReference; fileEncoding = 4; lastKnownFileType = sourcecode.swift; path = TennisGame.swift; sourceTree = "<group>"; };
/* End PBXFileReference section */

/* Begin PBXFrameworksBuildPhase section */
		1FB5E9E81A08C15F00595F37 /* Frameworks */ = {
			isa = PBXFrameworksBuildPhase;
			buildActionMask = 2147483647;
			files = (
			);
			runOnlyForDeploymentPostprocessing = 0;
		};
		1FB5E9FA1A08C15F00595F37 /* Frameworks */ = {
			isa = PBXFrameworksBuildPhase;
			buildActionMask = 2147483647;
			files = (
			);
			runOnlyForDeploymentPostprocessing = 0;
		};
/* End PBXFrameworksBuildPhase section */

/* Begin PBXGroup section */
		1FB5E9E21A08C15F00595F37 = {
			isa = PBXGroup;
			children = (
				1FB5E9ED1A08C15F00595F37 /* KataTennis */,
				1FB5EA001A08C15F00595F37 /* KataTennisTests */,
				1FB5E9EC1A08C15F00595F37 /* Products */,
			);
			sourceTree = "<group>";
		};
		1FB5E9EC1A08C15F00595F37 /* Products */ = {
			isa = PBXGroup;
			children = (
				1FB5E9EB1A08C15F00595F37 /* KataTennis.app */,
				1FB5E9FD1A08C15F00595F37 /* KataTennisTests.xctest */,
			);
			name = Products;
			sourceTree = "<group>";
		};
		1FB5E9ED1A08C15F00595F37 /* KataTennis */ = {
			isa = PBXGroup;
			children = (
				1FB5E9F01A08C15F00595F37 /* AppDelegate.swift */,
				1FB5E9F21A08C15F00595F37 /* ViewController.swift */,
				1FB5EA0D1A08C1CA00595F37 /* TennisGame.swift */,
				1FB5E9F41A08C15F00595F37 /* Images.xcassets */,
				1FB5E9F61A08C15F00595F37 /* Main.storyboard */,
				1FB5E9EE1A08C15F00595F37 /* Supporting Files */,
			);
			path = KataTennis;
			sourceTree = "<group>";
		};
		1FB5E9EE1A08C15F00595F37 /* Supporting Files */ = {
			isa = PBXGroup;
			children = (
				1FB5E9EF1A08C15F00595F37 /* Info.plist */,
			);
			name = "Supporting Files";
			sourceTree = "<group>";
		};
		1FB5EA001A08C15F00595F37 /* KataTennisTests */ = {
			isa = PBXGroup;
			children = (
				1FB5EA031A08C15F00595F37 /* KataTennisTests.swift */,
				1FB5EA011A08C15F00595F37 /* Supporting Files */,
			);
			path = KataTennisTests;
			sourceTree = "<group>";
		};
		1FB5EA011A08C15F00595F37 /* Supporting Files */ = {
			isa = PBXGroup;
			children = (
				1FB5EA021A08C15F00595F37 /* Info.plist */,
			);
			name = "Supporting Files";
			sourceTree = "<group>";
		};
/* End PBXGroup section */

/* Begin PBXNativeTarget section */
		1FB5E9EA1A08C15F00595F37 /* KataTennis */ = {
			isa = PBXNativeTarget;
			buildConfigurationList = 1FB5EA071A08C15F00595F37 /* Build configuration list for PBXNativeTarget "KataTennis" */;
			buildPhases = (
				1FB5E9E71A08C15F00595F37 /* Sources */,
				1FB5E9E81A08C15F00595F37 /* Frameworks */,
				1FB5E9E91A08C15F00595F37 /* Resources */,
			);
			buildRules = (
			);
			dependencies = (
			);
			name = KataTennis;
			productName = KataTennis;
			productReference = 1FB5E9EB1A08C15F00595F37 /* KataTennis.app */;
			productType = "com.apple.product-type.application";
		};
		1FB5E9FC1A08C15F00595F37 /* KataTennisTests */ = {
			isa = PBXNativeTarget;
			buildConfigurationList = 1FB5EA0A1A08C15F00595F37 /* Build configuration list for PBXNativeTarget "KataTennisTests" */;
			buildPhases = (
				1FB5E9F91A08C15F00595F37 /* Sources */,
				1FB5E9FA1A08C15F00595F37 /* Frameworks */,
				1FB5E9FB1A08C15F00595F37 /* Resources */,
			);
			buildRules = (
			);
			dependencies = (
				1FB5E9FF1A08C15F00595F37 /* PBXTargetDependency */,
			);
			name = KataTennisTests;
			productName = KataTennisTests;
			productReference = 1FB5E9FD1A08C15F00595F37 /* KataTennisTests.xctest */;
			productType = "com.apple.product-type.bundle.unit-test";
		};
/* End PBXNativeTarget section */

/* Begin PBXProject section */
		1FB5E9E31A08C15F00595F37 /* Project object */ = {
			isa = PBXProject;
			attributes = {
				LastUpgradeCheck = 0610;
				ORGANIZATIONNAME = guanshanliu;
				TargetAttributes = {
					1FB5E9EA1A08C15F00595F37 = {
						CreatedOnToolsVersion = 6.1;
					};
					1FB5E9FC1A08C15F00595F37 = {
						CreatedOnToolsVersion = 6.1;
					};
				};
			};
			buildConfigurationList = 1FB5E9E61A08C15F00595F37 /* Build configuration list for PBXProject "KataTennis" */;
			compatibilityVersion = "Xcode 3.2";
			developmentRegion = English;
			hasScannedForEncodings = 0;
			knownRegions = (
				en,
				Base,
			);
			mainGroup = 1FB5E9E21A08C15F00595F37;
			productRefGroup = 1FB5E9EC1A08C15F00595F37 /* Products */;
			projectDirPath = "";
			projectRoot = "";
			targets = (
				1FB5E9EA1A08C15F00595F37 /* KataTennis */,
				1FB5E9FC1A08C15F00595F37 /* KataTennisTests */,
			);
		};
/* End PBXProject section */

/* Begin PBXResourcesBuildPhase section */
		1FB5E9E91A08C15F00595F37 /* Resources */ = {
			isa = PBXResourcesBuildPhase;
			buildActionMask = 2147483647;
			files = (
				1FB5E9F51A08C15F00595F37 /* Images.xcassets in Resources */,
				1FB5E9F81A08C15F00595F37 /* Main.storyboard in Resources */,
			);
			runOnlyForDeploymentPostprocessing = 0;
		};
		1FB5E9FB1A08C15F00595F37 /* Resources */ = {
			isa = PBXResourcesBuildPhase;
			buildActionMask = 2147483647;
			files = (
			);
			runOnlyForDeploymentPostprocessing = 0;
		};
/* End PBXResourcesBuildPhase section */

/* Begin PBXSourcesBuildPhase section */
		1FB5E9E71A08C15F00595F37 /* Sources */ = {
			isa = PBXSourcesBuildPhase;
			buildActionMask = 2147483647;
			files = (
				1FB5E9F31A08C15F00595F37 /* ViewController.swift in Sources */,
				1FB5EA0E1A08C1CA00595F37 /* TennisGame.swift in Sources */,
				1FB5E9F11A08C15F00595F37 /* AppDelegate.swift in Sources */,
			);
			runOnlyForDeploymentPostprocessing = 0;
		};
		1FB5E9F91A08C15F00595F37 /* Sources */ = {
			isa = PBXSourcesBuildPhase;
			buildActionMask = 2147483647;
			files = (
				1FB5EA0F1A08C76700595F37 /* TennisGame.swift in Sources */,
				1FB5EA041A08C15F00595F37 /* KataTennisTests.swift in Sources */,
			);
			runOnlyForDeploymentPostprocessing = 0;
		};
/* End PBXSourcesBuildPhase section */

/* Begin PBXTargetDependency section */
		1FB5E9FF1A08C15F00595F37 /* PBXTargetDependency */ = {
			isa = PBXTargetDependency;
			target = 1FB5E9EA1A08C15F00595F37 /* KataTennis */;
			targetProxy = 1FB5E9FE1A08C15F00595F37 /* PBXContainerItemProxy */;
		};
/* End PBXTargetDependency section */

/* Begin PBXVariantGroup section */
		1FB5E9F61A08C15F00595F37 /* Main.storyboard */ = {
			isa = PBXVariantGroup;
			children = (
				1FB5E9F71A08C15F00595F37 /* Base */,
			);
			name = Main.storyboard;
			sourceTree = "<group>";
		};
/* End PBXVariantGroup section */

/* Begin XCBuildConfiguration section */
		1FB5EA051A08C15F00595F37 /* Debug */ = {
			isa = XCBuildConfiguration;
			buildSettings = {
				ALWAYS_SEARCH_USER_PATHS = NO;
				CLANG_CXX_LANGUAGE_STANDARD = "gnu++0x";
				CLANG_CXX_LIBRARY = "libc++";
				CLANG_ENABLE_MODULES = YES;
				CLANG_ENABLE_OBJC_ARC = YES;
				CLANG_WARN_BOOL_CONVERSION = YES;
				CLANG_WARN_CONSTANT_CONVERSION = YES;
				CLANG_WARN_DIRECT_OBJC_ISA_USAGE = YES_ERROR;
				CLANG_WARN_EMPTY_BODY = YES;
				CLANG_WARN_ENUM_CONVERSION = YES;
				CLANG_WARN_INT_CONVERSION = YES;
				CLANG_WARN_OBJC_ROOT_CLASS = YES_ERROR;
				CLANG_WARN_UNREACHABLE_CODE = YES;
				CLANG_WARN__DUPLICATE_METHOD_MATCH = YES;
				CODE_SIGN_IDENTITY = "-";
				COPY_PHASE_STRIP = NO;
				ENABLE_STRICT_OBJC_MSGSEND = YES;
				GCC_C_LANGUAGE_STANDARD = gnu99;
				GCC_DYNAMIC_NO_PIC = NO;
				GCC_OPTIMIZATION_LEVEL = 0;
				GCC_PREPROCESSOR_DEFINITIONS = (
					"DEBUG=1",
					"$(inherited)",
				);
				GCC_SYMBOLS_PRIVATE_EXTERN = NO;
				GCC_WARN_64_TO_32_BIT_CONVERSION = YES;
				GCC_WARN_ABOUT_RETURN_TYPE = YES_ERROR;
				GCC_WARN_UNDECLARED_SELECTOR = YES;
				GCC_WARN_UNINITIALIZED_AUTOS = YES_AGGRESSIVE;
				GCC_WARN_UNUSED_FUNCTION = YES;
				GCC_WARN_UNUSED_VARIABLE = YES;
				MACOSX_DEPLOYMENT_TARGET = 10.10;
				MTL_ENABLE_DEBUG_INFO = YES;
				ONLY_ACTIVE_ARCH = YES;
				SDKROOT = macosx;
				SWIFT_OPTIMIZATION_LEVEL = "-Onone";
			};
			name = Debug;
		};
		1FB5EA061A08C15F00595F37 /* Release */ = {
			isa = XCBuildConfiguration;
			buildSettings = {
				ALWAYS_SEARCH_USER_PATHS = NO;
				CLANG_CXX_LANGUAGE_STANDARD = "gnu++0x";
				CLANG_CXX_LIBRARY = "libc++";
				CLANG_ENABLE_MODULES = YES;
				CLANG_ENABLE_OBJC_ARC = YES;
				CLANG_WARN_BOOL_CONVERSION = YES;
				CLANG_WARN_CONSTANT_CONVERSION = YES;
				CLANG_WARN_DIRECT_OBJC_ISA_USAGE = YES_ERROR;
				CLANG_WARN_EMPTY_BODY = YES;
				CLANG_WARN_ENUM_CONVERSION = YES;
				CLANG_WARN_INT_CONVERSION = YES;
				CLANG_WARN_OBJC_ROOT_CLASS = YES_ERROR;
				CLANG_WARN_UNREACHABLE_CODE = YES;
				CLANG_WARN__DUPLICATE_METHOD_MATCH = YES;
				CODE_SIGN_IDENTITY = "-";
				COPY_PHASE_STRIP = YES;
				DEBUG_INFORMATION_FORMAT = "dwarf-with-dsym";
				ENABLE_NS_ASSERTIONS = NO;
				ENABLE_STRICT_OBJC_MSGSEND = YES;
				GCC_C_LANGUAGE_STANDARD = gnu99;
				GCC_WARN_64_TO_32_BIT_CONVERSION = YES;
				GCC_WARN_ABOUT_RETURN_TYPE = YES_ERROR;
				GCC_WARN_UNDECLARED_SELECTOR = YES;
				GCC_WARN_UNINITIALIZED_AUTOS = YES_AGGRESSIVE;
				GCC_WARN_UNUSED_FUNCTION = YES;
				GCC_WARN_UNUSED_VARIABLE = YES;
				MACOSX_DEPLOYMENT_TARGET = 10.10;
				MTL_ENABLE_DEBUG_INFO = NO;
				SDKROOT = macosx;
			};
			name = Release;
		};
		1FB5EA081A08C15F00595F37 /* Debug */ = {
			isa = XCBuildConfiguration;
			buildSettings = {
				ASSETCATALOG_COMPILER_APPICON_NAME = AppIcon;
				COMBINE_HIDPI_IMAGES = YES;
				INFOPLIST_FILE = KataTennis/Info.plist;
				LD_RUNPATH_SEARCH_PATHS = "$(inherited) @executable_path/../Frameworks";
				PRODUCT_NAME = "$(TARGET_NAME)";
			};
			name = Debug;
		};
		1FB5EA091A08C15F00595F37 /* Release */ = {
			isa = XCBuildConfiguration;
			buildSettings = {
				ASSETCATALOG_COMPILER_APPICON_NAME = AppIcon;
				COMBINE_HIDPI_IMAGES = YES;
				INFOPLIST_FILE = KataTennis/Info.plist;
				LD_RUNPATH_SEARCH_PATHS = "$(inherited) @executable_path/../Frameworks";
				PRODUCT_NAME = "$(TARGET_NAME)";
			};
			name = Release;
		};
		1FB5EA0B1A08C15F00595F37 /* Debug */ = {
			isa = XCBuildConfiguration;
			buildSettings = {
				COMBINE_HIDPI_IMAGES = YES;
				FRAMEWORK_SEARCH_PATHS = (
					"$(DEVELOPER_FRAMEWORKS_DIR)",
					"$(inherited)",
				);
				GCC_PREPROCESSOR_DEFINITIONS = (
					"DEBUG=1",
					"$(inherited)",
				);
				INFOPLIST_FILE = KataTennisTests/Info.plist;
				LD_RUNPATH_SEARCH_PATHS = "$(inherited) @executable_path/../Frameworks @loader_path/../Frameworks";
				PRODUCT_NAME = "$(TARGET_NAME)";
			};
			name = Debug;
		};
		1FB5EA0C1A08C15F00595F37 /* Release */ = {
			isa = XCBuildConfiguration;
			buildSettings = {
				COMBINE_HIDPI_IMAGES = YES;
				FRAMEWORK_SEARCH_PATHS = (
					"$(DEVELOPER_FRAMEWORKS_DIR)",
					"$(inherited)",
				);
				INFOPLIST_FILE = KataTennisTests/Info.plist;
				LD_RUNPATH_SEARCH_PATHS = "$(inherited) @executable_path/../Frameworks @loader_path/../Frameworks";
				PRODUCT_NAME = "$(TARGET_NAME)";
			};
			name = Release;
		};
/* End XCBuildConfiguration section */

/* Begin XCConfigurationList section */
		1FB5E9E61A08C15F00595F37 /* Build configuration list for PBXProject "KataTennis" */ = {
			isa = XCConfigurationList;
			buildConfigurations = (
				1FB5EA051A08C15F00595F37 /* Debug */,
				1FB5EA061A08C15F00595F37 /* Release */,
			);
			defaultConfigurationIsVisible = 0;
			defaultConfigurationName = Release;
		};
		1FB5EA071A08C15F00595F37 /* Build configuration list for PBXNativeTarget "KataTennis" */ = {
			isa = XCConfigurationList;
			buildConfigurations = (
				1FB5EA081A08C15F00595F37 /* Debug */,
				1FB5EA091A08C15F00595F37 /* Release */,
			);
			defaultConfigurationIsVisible = 0;
		};
		1FB5EA0A1A08C15F00595F37 /* Build configuration list for PBXNativeTarget "KataTennisTests" */ = {
			isa = XCConfigurationList;
			buildConfigurations = (
				1FB5EA0B1A08C15F00595F37 /* Debug */,
				1FB5EA0C1A08C15F00595F37 /* Release */,
			);
			defaultConfigurationIsVisible = 0;
		};
/* End XCConfigurationList section */
	};
	rootObject = 1FB5E9E31A08C15F00595F37 /* Project object */;
}
